
Microsoft Visual Studio Solution File, Format Version 12.00
# Visual Studio Version 17
VisualStudioVersion = 17.2.32526.322
MinimumVisualStudioVersion = 10.0.40219.1
Project("{FAE04EC0-301F-11D3-BF4B-00C04F79EFBC}") = "卸载模拟器", "卸载模拟器\卸载模拟器.csproj", "{A43B35D8-AAA1-4623-9CCC-56E52CFFA96F}"
EndProject
Global
	GlobalSection(SolutionConfigurationPlatforms) = preSolution
		Debug|Any CPU = Debug|Any CPU
		Release|Any CPU = Release|Any CPU
	EndGlobalSection
	GlobalSection(ProjectConfigurationPlatforms) = postSolution
		{A43B35D8-AAA1-4623-9CCC-56E52CFFA96F}.Debug|Any CPU.ActiveCfg = Debug|Any CPU
		{A43B35D8-AAA1-4623-9CCC-56E52CFFA96F}.Debug|Any CPU.Build.0 = Debug|Any CPU
		{A43B35D8-AAA1-4623-9CCC-56E52CFFA96F}.Release|Any CPU.ActiveCfg = Release|Any CPU
		{A43B35D8-AAA1-4623-9CCC-56E52CFFA96F}.Release|Any CPU.Build.0 = Release|Any CPU
	EndGlobalSection
	GlobalSection(SolutionProperties) = preSolution
		HideSolutionNode = FALSE
	EndGlobalSection
	GlobalSection(ExtensibilityGlobals) = postSolution
		SolutionGuid = {5ACCE958-AB55-47FE-B1BE-E3A930AE2B3F}
	EndGlobalSection
EndGlobal
